// !$*UTF8*$!
{
	archiveVersion = 1;
	classes = {
	};
	objectVersion = 50;
	objects = {

/* Begin PBXBuildFile section */
		A2088A7F2279D53B005FBE97 /* AppDelegate.swift in Sources */ = {isa = PBXBuildFile; fileRef = A2088A7E2279D53B005FBE97 /* AppDelegate.swift */; };
		A2088A812279D53B005FBE97 /* ViewController.swift in Sources */ = {isa = PBXBuildFile; fileRef = A2088A802279D53B005FBE97 /* ViewController.swift */; };
		A2088A842279D53B005FBE97 /* Main.storyboard in Resources */ = {isa = PBXBuildFile; fileRef = A2088A822279D53B005FBE97 /* Main.storyboard */; };
		A2088A862279D53D005FBE97 /* Assets.xcassets in Resources */ = {isa = PBXBuildFile; fileRef = A2088A852279D53D005FBE97 /* Assets.xcassets */; };
		A2088A892279D53D005FBE97 /* LaunchScreen.storyboard in Resources */ = {isa = PBXBuildFile; fileRef = A2088A872279D53D005FBE97 /* LaunchScreen.storyboard */; };
		A2088A9A2279D924005FBE97 /* ring.png in Resources */ = {isa = PBXBuildFile; fileRef = A2088A972279D924005FBE97 /* ring.png */; };
		A2088A9B2279D924005FBE97 /* cross.png in Resources */ = {isa = PBXBuildFile; fileRef = A2088A982279D924005FBE97 /* cross.png */; };
		A2088AA7227F2E20005FBE97 /* brain.swift in Sources */ = {isa = PBXBuildFile; fileRef = A2088AA6227F2E20005FBE97 /* brain.swift */; };
		A2088AA9227F2FA9005FBE97 /* Default-568h@2x.png in Resources */ = {isa = PBXBuildFile; fileRef = A2088AA8227F2FA9005FBE97 /* Default-568h@2x.png */; };
		A212105422A794340037D644 /* 3button.png in Resources */ = {isa = PBXBuildFile; fileRef = A25C651C22A6E5AF000F83B4 /* 3button.png */; };
		A212105522A794340037D644 /* 4button.png in Resources */ = {isa = PBXBuildFile; fileRef = A25C651722A6E5AF000F83B4 /* 4button.png */; };
		A212105622A794340037D644 /* 5button.png in Resources */ = {isa = PBXBuildFile; fileRef = A25C651622A6E5AE000F83B4 /* 5button.png */; };
		A212105722A794340037D644 /* 6button.png in Resources */ = {isa = PBXBuildFile; fileRef = A25C651B22A6E5AF000F83B4 /* 6button.png */; };
		A212105822A794340037D644 /* 7button.png in Resources */ = {isa = PBXBuildFile; fileRef = A25C651922A6E5AF000F83B4 /* 7button.png */; };
		A212105922A794340037D644 /* 8button.png in Resources */ = {isa = PBXBuildFile; fileRef = A25C651522A6E5AE000F83B4 /* 8button.png */; };
		A212105A22A794340037D644 /* 9button.png in Resources */ = {isa = PBXBuildFile; fileRef = A25C651822A6E5AF000F83B4 /* 9button.png */; };
		A212105B22A794340037D644 /* 10button.png in Resources */ = {isa = PBXBuildFile; fileRef = A25C651A22A6E5AF000F83B4 /* 10button.png */; };
		A212105C22A794340037D644 /* 11button.png in Resources */ = {isa = PBXBuildFile; fileRef = A25C651D22A6E5AF000F83B4 /* 11button.png */; };
		A2270D0F22AA46900055AEC1 /* FourByFourViewController.swift in Sources */ = {isa = PBXBuildFile; fileRef = A2270D0E22AA46900055AEC1 /* FourByFourViewController.swift */; };
		A25C64E422A3EEBF000F83B4 /* settings.png in Resources */ = {isa = PBXBuildFile; fileRef = A25C64E322A3EEBF000F83B4 /* settings.png */; };
		A25C64EA22A4008B000F83B4 /* playButton.png in Resources */ = {isa = PBXBuildFile; fileRef = A25C64E922A4008B000F83B4 /* playButton.png */; };
		A25C64EC22A403A5000F83B4 /* howToPlayButton.png in Resources */ = {isa = PBXBuildFile; fileRef = A25C64EB22A403A5000F83B4 /* howToPlayButton.png */; };
		A2BBAFE822ABEDD800726846 /* bordFour.png in Resources */ = {isa = PBXBuildFile; fileRef = A2BBAFE722ABEDD800726846 /* bordFour.png */; };
		A2BBAFEC22AC259E00726846 /* bordFive.png in Resources */ = {isa = PBXBuildFile; fileRef = A2BBAFEB22AC259E00726846 /* bordFive.png */; };
		A2F8A0A4229FFF7000ED1965 /* bord.png in Resources */ = {isa = PBXBuildFile; fileRef = A2F8A0A3229FFF7000ED1965 /* bord.png */; };
		A2F8A0A6229FFFBE00ED1965 /* Untitled.png in Resources */ = {isa = PBXBuildFile; fileRef = A2F8A0A5229FFFBE00ED1965 /* Untitled.png */; };
		A2F8A0A922A000D300ED1965 /* Tic tac pro 1.m4a in Resources */ = {isa = PBXBuildFile; fileRef = A2F8A0A822A000D300ED1965 /* Tic tac pro 1.m4a */; };
		A2F8A0AB22A000E000ED1965 /* Tic tac pro 2.m4a in Resources */ = {isa = PBXBuildFile; fileRef = A2F8A0AA22A000E000ED1965 /* Tic tac pro 2.m4a */; };
		A2F8A0AF22A1A46400ED1965 /* home.png in Resources */ = {isa = PBXBuildFile; fileRef = A2F8A0AE22A1A46400ED1965 /* home.png */; };
		A2F8A0B122A1A46D00ED1965 /* settings.png in Resources */ = {isa = PBXBuildFile; fileRef = A2F8A0B022A1A46D00ED1965 /* settings.png */; };
		A2F8A0B322A1A4B800ED1965 /* music 2.png in Resources */ = {isa = PBXBuildFile; fileRef = A2F8A0B222A1A4B700ED1965 /* music 2.png */; };
/* End PBXBuildFile section */

/* Begin PBXFileReference section */
		A2088A7B2279D53B005FBE97 /* Tic tac toe.app */ = {isa = PBXFileReference; explicitFileType = wrapper.application; includeInIndex = 0; path = "Tic tac toe.app"; sourceTree = BUILT_PRODUCTS_DIR; };
		A2088A7E2279D53B005FBE97 /* AppDelegate.swift */ = {isa = PBXFileReference; lastKnownFileType = sourcecode.swift; path = AppDelegate.swift; sourceTree = "<group>"; };
		A2088A802279D53B005FBE97 /* ViewController.swift */ = {isa = PBXFileReference; lastKnownFileType = sourcecode.swift; path = ViewController.swift; sourceTree = "<group>"; };
		A2088A832279D53B005FBE97 /* Base */ = {isa = PBXFileReference; lastKnownFileType = file.storyboard; name = Base; path = Base.lproj/Main.storyboard; sourceTree = "<group>"; };
		A2088A852279D53D005FBE97 /* Assets.xcassets */ = {isa = PBXFileReference; lastKnownFileType = folder.assetcatalog; path = Assets.xcassets; sourceTree = "<group>"; };
		A2088A882279D53D005FBE97 /* Base */ = {isa = PBXFileReference; lastKnownFileType = file.storyboard; name = Base; path = Base.lproj/LaunchScreen.storyboard; sourceTree = "<group>"; };
		A2088A8A2279D53D005FBE97 /* Info.plist */ = {isa = PBXFileReference; lastKnownFileType = text.plist.xml; path = Info.plist; sourceTree = "<group>"; };
		A2088A972279D924005FBE97 /* ring.png */ = {isa = PBXFileReference; lastKnownFileType = image.png; path = ring.png; sourceTree = "<group>"; };
		A2088A982279D924005FBE97 /* cross.png */ = {isa = PBXFileReference; lastKnownFileType = image.png; path = cross.png; sourceTree = "<group>"; };
		A2088AA6227F2E20005FBE97 /* brain.swift */ = {isa = PBXFileReference; lastKnownFileType = sourcecode.swift; path = brain.swift; sourceTree = "<group>"; };
		A2088AA8227F2FA9005FBE97 /* Default-568h@2x.png */ = {isa = PBXFileReference; lastKnownFileType = image.png; path = "Default-568h@2x.png"; sourceTree = "<group>"; };
		A2270D0E22AA46900055AEC1 /* FourByFourViewController.swift */ = {isa = PBXFileReference; lastKnownFileType = sourcecode.swift; path = FourByFourViewController.swift; sourceTree = "<group>"; };
		A25C64E322A3EEBF000F83B4 /* settings.png */ = {isa = PBXFileReference; lastKnownFileType = image.png; path = settings.png; sourceTree = "<group>"; };
		A25C64E922A4008B000F83B4 /* playButton.png */ = {isa = PBXFileReference; lastKnownFileType = image.png; name = playButton.png; path = "../../../Library/Mobile Documents/6LVTQB9699~com~seriflabs~affinitydesigner/Documents/tic tac pro/playButton.png"; sourceTree = "<group>"; };
		A25C64EB22A403A5000F83B4 /* howToPlayButton.png */ = {isa = PBXFileReference; lastKnownFileType = image.png; path = howToPlayButton.png; sourceTree = "<group>"; };
		A25C651522A6E5AE000F83B4 /* 8button.png */ = {isa = PBXFileReference; lastKnownFileType = image.png; name = 8button.png; path = "../../../Library/Mobile Documents/6LVTQB9699~com~seriflabs~affinitydesigner/Documents/tic tac pro/numberButtons/8button.png"; sourceTree = "<group>"; };
		A25C651622A6E5AE000F83B4 /* 5button.png */ = {isa = PBXFileReference; lastKnownFileType = image.png; name = 5button.png; path = "../../../Library/Mobile Documents/6LVTQB9699~com~seriflabs~affinitydesigner/Documents/tic tac pro/numberButtons/5button.png"; sourceTree = "<group>"; };
		A25C651722A6E5AF000F83B4 /* 4button.png */ = {isa = PBXFileReference; lastKnownFileType = image.png; name = 4button.png; path = "../../../Library/Mobile Documents/6LVTQB9699~com~seriflabs~affinitydesigner/Documents/tic tac pro/numberButtons/4button.png"; sourceTree = "<group>"; };
		A25C651822A6E5AF000F83B4 /* 9button.png */ = {isa = PBXFileReference; lastKnownFileType = image.png; name = 9button.png; path = "../../../Library/Mobile Documents/6LVTQB9699~com~seriflabs~affinitydesigner/Documents/tic tac pro/numberButtons/9button.png"; sourceTree = "<group>"; };
		A25C651922A6E5AF000F83B4 /* 7button.png */ = {isa = PBXFileReference; lastKnownFileType = image.png; name = 7button.png; path = "../../../Library/Mobile Documents/6LVTQB9699~com~seriflabs~affinitydesigner/Documents/tic tac pro/numberButtons/7button.png"; sourceTree = "<group>"; };
		A25C651A22A6E5AF000F83B4 /* 10button.png */ = {isa = PBXFileReference; lastKnownFileType = image.png; name = 10button.png; path = "../../../Library/Mobile Documents/6LVTQB9699~com~seriflabs~affinitydesigner/Documents/tic tac pro/numberButtons/10button.png"; sourceTree = "<group>"; };
		A25C651B22A6E5AF000F83B4 /* 6button.png */ = {isa = PBXFileReference; lastKnownFileType = image.png; name = 6button.png; path = "../../../Library/Mobile Documents/6LVTQB9699~com~seriflabs~affinitydesigner/Documents/tic tac pro/numberButtons/6button.png"; sourceTree = "<group>"; };
		A25C651C22A6E5AF000F83B4 /* 3button.png */ = {isa = PBXFileReference; lastKnownFileType = image.png; name = 3button.png; path = "../../../Library/Mobile Documents/6LVTQB9699~com~seriflabs~affinitydesigner/Documents/tic tac pro/numberButtons/3button.png"; sourceTree = "<group>"; };
		A25C651D22A6E5AF000F83B4 /* 11button.png */ = {isa = PBXFileReference; lastKnownFileType = image.png; name = 11button.png; path = "../../../Library/Mobile Documents/6LVTQB9699~com~seriflabs~affinitydesigner/Documents/tic tac pro/numberButtons/11button.png"; sourceTree = "<group>"; };
		A2BBAFE722ABEDD800726846 /* bordFour.png */ = {isa = PBXFileReference; lastKnownFileType = image.png; name = bordFour.png; path = "../../../Library/Mobile Documents/6LVTQB9699~com~seriflabs~affinitydesigner/Documents/tic tac pro/bordFour.png"; sourceTree = "<group>"; };
		A2BBAFEB22AC259E00726846 /* bordFive.png */ = {isa = PBXFileReference; lastKnownFileType = image.png; path = bordFive.png; sourceTree = "<group>"; };
		A2F8A0A3229FFF7000ED1965 /* bord.png */ = {isa = PBXFileReference; lastKnownFileType = image.png; name = bord.png; path = "../../../Library/Mobile Documents/6LVTQB9699~com~seriflabs~affinitydesigner/Documents/tic tac pro/bord.png"; sourceTree = "<group>"; };
		A2F8A0A5229FFFBE00ED1965 /* Untitled.png */ = {isa = PBXFileReference; lastKnownFileType = image.png; name = Untitled.png; path = "../../../Library/Mobile Documents/6LVTQB9699~com~seriflabs~affinitydesigner/Documents/tic tac pro/Untitled.png"; sourceTree = "<group>"; };
		A2F8A0A822A000D300ED1965 /* Tic tac pro 1.m4a */ = {isa = PBXFileReference; lastKnownFileType = file; name = "Tic tac pro 1.m4a"; path = "../../../Library/Mobile Documents/6LVTQB9699~com~seriflabs~affinitydesigner/Documents/tic tac pro/Tic tac pro 1.m4a"; sourceTree = "<group>"; };
		A2F8A0AA22A000E000ED1965 /* Tic tac pro 2.m4a */ = {isa = PBXFileReference; lastKnownFileType = file; name = "Tic tac pro 2.m4a"; path = "../../../Library/Mobile Documents/6LVTQB9699~com~seriflabs~affinitydesigner/Documents/tic tac pro/Tic tac pro 2.m4a"; sourceTree = "<group>"; };
		A2F8A0AE22A1A46400ED1965 /* home.png */ = {isa = PBXFileReference; lastKnownFileType = image.png; name = home.png; path = "../../../Library/Mobile Documents/6LVTQB9699~com~seriflabs~affinitydesigner/Documents/tic tac pro/home.png"; sourceTree = "<group>"; };
		A2F8A0B022A1A46D00ED1965 /* settings.png */ = {isa = PBXFileReference; lastKnownFileType = image.png; name = settings.png; path = "../../../Library/Mobile Documents/6LVTQB9699~com~seriflabs~affinitydesigner/Documents/tic tac pro/settings.png"; sourceTree = "<group>"; };
		A2F8A0B222A1A4B700ED1965 /* music 2.png */ = {isa = PBXFileReference; lastKnownFileType = image.png; name = "music 2.png"; path = "../../../Library/Mobile Documents/6LVTQB9699~com~seriflabs~affinitydesigner/Documents/tic tac pro/music 2.png"; sourceTree = "<group>"; };
/* End PBXFileReference section */

/* Begin PBXFrameworksBuildPhase section */
		A2088A782279D53B005FBE97 /* Frameworks */ = {
			isa = PBXFrameworksBuildPhase;
			buildActionMask = 2147483647;
			files = (
			);
			runOnlyForDeploymentPostprocessing = 0;
		};
/* End PBXFrameworksBuildPhase section */

/* Begin PBXGroup section */
		A2088A722279D53B005FBE97 = {
			isa = PBXGroup;
			children = (
				A2088AA8227F2FA9005FBE97 /* Default-568h@2x.png */,
				A2088A7D2279D53B005FBE97 /* Tic tac toe */,
				A2088A7C2279D53B005FBE97 /* Products */,
				A2088A8A2279D53D005FBE97 /* Info.plist */,
				A2088A7E2279D53B005FBE97 /* AppDelegate.swift */,
				A2088A852279D53D005FBE97 /* Assets.xcassets */,
				A2088AA52279EEBC005FBE97 /* Model */,
				A2088AA42279EE7B005FBE97 /* Controler */,
				A2088AA32279EE4F005FBE97 /* UI */,
				A2F8A0A722A000B000ED1965 /* music */,
				A2088A962279D5E1005FBE97 /* images */,
			);
			sourceTree = "<group>";
		};
		A2088A7C2279D53B005FBE97 /* Products */ = {
			isa = PBXGroup;
			children = (
				A2088A7B2279D53B005FBE97 /* Tic tac toe.app */,
			);
			name = Products;
			sourceTree = "<group>";
		};
		A2088A7D2279D53B005FBE97 /* Tic tac toe */ = {
			isa = PBXGroup;
			children = (
			);
			path = "Tic tac toe";
			sourceTree = "<group>";
		};
		A2088A962279D5E1005FBE97 /* images */ = {
			isa = PBXGroup;
			children = (
				A2088A982279D924005FBE97 /* cross.png */,
				A2088A972279D924005FBE97 /* ring.png */,
				A2F8A0A3229FFF7000ED1965 /* bord.png */,
				A2BBAFE722ABEDD800726846 /* bordFour.png */,
				A2BBAFEB22AC259E00726846 /* bordFive.png */,
				A2F8A0A5229FFFBE00ED1965 /* Untitled.png */,
				A2F8A0AE22A1A46400ED1965 /* home.png */,
				A2F8A0B222A1A4B700ED1965 /* music 2.png */,
				A2F8A0B022A1A46D00ED1965 /* settings.png */,
				A25C651C22A6E5AF000F83B4 /* 3button.png */,
				A25C651722A6E5AF000F83B4 /* 4button.png */,
				A25C651622A6E5AE000F83B4 /* 5button.png */,
				A25C651B22A6E5AF000F83B4 /* 6button.png */,
				A25C651922A6E5AF000F83B4 /* 7button.png */,
				A25C651522A6E5AE000F83B4 /* 8button.png */,
				A25C651822A6E5AF000F83B4 /* 9button.png */,
				A25C651A22A6E5AF000F83B4 /* 10button.png */,
				A25C651D22A6E5AF000F83B4 /* 11button.png */,
				A25C64EB22A403A5000F83B4 /* howToPlayButton.png */,
				A25C64E922A4008B000F83B4 /* playButton.png */,
				A25C64E322A3EEBF000F83B4 /* settings.png */,
			);
			path = images;
			sourceTree = "<group>";
		};
		A2088AA32279EE4F005FBE97 /* UI */ = {
			isa = PBXGroup;
			children = (
				A2088A822279D53B005FBE97 /* Main.storyboard */,
				A2088A872279D53D005FBE97 /* LaunchScreen.storyboard */,
			);
			path = UI;
			sourceTree = "<group>";
		};
		A2088AA42279EE7B005FBE97 /* Controler */ = {
			isa = PBXGroup;
			children = (
				A2088A802279D53B005FBE97 /* ViewController.swift */,
				A2270D0E22AA46900055AEC1 /* FourByFourViewController.swift */,
			);
			path = Controler;
			sourceTree = "<group>";
		};
		A2088AA52279EEBC005FBE97 /* Model */ = {
			isa = PBXGroup;
			children = (
				A2088AA6227F2E20005FBE97 /* brain.swift */,
			);
			path = Model;
			sourceTree = "<group>";
		};
		A2F8A0A722A000B000ED1965 /* music */ = {
			isa = PBXGroup;
			children = (
				A2F8A0A822A000D300ED1965 /* Tic tac pro 1.m4a */,
				A2F8A0AA22A000E000ED1965 /* Tic tac pro 2.m4a */,
			);
			path = music;
			sourceTree = "<group>";
		};
/* End PBXGroup section */

/* Begin PBXNativeTarget section */
		A2088A7A2279D53B005FBE97 /* Tic tac toe */ = {
			isa = PBXNativeTarget;
			buildConfigurationList = A2088A8D2279D53D005FBE97 /* Build configuration list for PBXNativeTarget "Tic tac toe" */;
			buildPhases = (
				A2088A772279D53B005FBE97 /* Sources */,
				A2088A782279D53B005FBE97 /* Frameworks */,
				A2088A792279D53B005FBE97 /* Resources */,
			);
			buildRules = (
			);
			dependencies = (
			);
			name = "Tic tac toe";
			productName = "Tic tac toe";
			productReference = A2088A7B2279D53B005FBE97 /* Tic tac toe.app */;
			productType = "com.apple.product-type.application";
		};
/* End PBXNativeTarget section */

/* Begin PBXProject section */
		A2088A732279D53B005FBE97 /* Project object */ = {
			isa = PBXProject;
			attributes = {
				LastSwiftUpdateCheck = 1020;
				LastUpgradeCheck = 1020;
				ORGANIZATIONNAME = "Sem Pruijs";
				TargetAttributes = {
					A2088A7A2279D53B005FBE97 = {
						CreatedOnToolsVersion = 10.2;
					};
				};
			};
			buildConfigurationList = A2088A762279D53B005FBE97 /* Build configuration list for PBXProject "Tic tac toe" */;
			compatibilityVersion = "Xcode 9.3";
			developmentRegion = en;
			hasScannedForEncodings = 0;
			knownRegions = (
				en,
				Base,
			);
			mainGroup = A2088A722279D53B005FBE97;
			productRefGroup = A2088A7C2279D53B005FBE97 /* Products */;
			projectDirPath = "";
			projectRoot = "";
			targets = (
				A2088A7A2279D53B005FBE97 /* Tic tac toe */,
			);
		};
/* End PBXProject section */

/* Begin PBXResourcesBuildPhase section */
		A2088A792279D53B005FBE97 /* Resources */ = {
			isa = PBXResourcesBuildPhase;
			buildActionMask = 2147483647;
			files = (
				A2BBAFE822ABEDD800726846 /* bordFour.png in Resources */,
				A212105722A794340037D644 /* 6button.png in Resources */,
				A212105622A794340037D644 /* 5button.png in Resources */,
				A2F8A0B122A1A46D00ED1965 /* settings.png in Resources */,
				A2F8A0A6229FFFBE00ED1965 /* Untitled.png in Resources */,
				A212105C22A794340037D644 /* 11button.png in Resources */,
				A212105422A794340037D644 /* 3button.png in Resources */,
				A212105A22A794340037D644 /* 9button.png in Resources */,
				A2088A9B2279D924005FBE97 /* cross.png in Resources */,
				A2F8A0AF22A1A46400ED1965 /* home.png in Resources */,
				A212105822A794340037D644 /* 7button.png in Resources */,
				A2F8A0A4229FFF7000ED1965 /* bord.png in Resources */,
				A212105522A794340037D644 /* 4button.png in Resources */,
				A25C64E422A3EEBF000F83B4 /* settings.png in Resources */,
				A2F8A0B322A1A4B800ED1965 /* music 2.png in Resources */,
				A2088A892279D53D005FBE97 /* LaunchScreen.storyboard in Resources */,
				A2088A862279D53D005FBE97 /* Assets.xcassets in Resources */,
				A2BBAFEC22AC259E00726846 /* bordFive.png in Resources */,
				A25C64EC22A403A5000F83B4 /* howToPlayButton.png in Resources */,
				A2F8A0A922A000D300ED1965 /* Tic tac pro 1.m4a in Resources */,
				A2F8A0AB22A000E000ED1965 /* Tic tac pro 2.m4a in Resources */,
				A2088A842279D53B005FBE97 /* Main.storyboard in Resources */,
				A212105922A794340037D644 /* 8button.png in Resources */,
				A212105B22A794340037D644 /* 10button.png in Resources */,
				A2088AA9227F2FA9005FBE97 /* Default-568h@2x.png in Resources */,
				A25C64EA22A4008B000F83B4 /* playButton.png in Resources */,
				A2088A9A2279D924005FBE97 /* ring.png in Resources */,
			);
			runOnlyForDeploymentPostprocessing = 0;
		};
/* End PBXResourcesBuildPhase section */

/* Begin PBXSourcesBuildPhase section */
		A2088A772279D53B005FBE97 /* Sources */ = {
			isa = PBXSourcesBuildPhase;
			buildActionMask = 2147483647;
			files = (
				A2088A812279D53B005FBE97 /* ViewController.swift in Sources */,
				A2088A7F2279D53B005FBE97 /* AppDelegate.swift in Sources */,
				A2088AA7227F2E20005FBE97 /* brain.swift in Sources */,
				A2270D0F22AA46900055AEC1 /* FourByFourViewController.swift in Sources */,
			);
			runOnlyForDeploymentPostprocessing = 0;
		};
/* End PBXSourcesBuildPhase section */

/* Begin PBXVariantGroup section */
		A2088A822279D53B005FBE97 /* Main.storyboard */ = {
			isa = PBXVariantGroup;
			children = (
				A2088A832279D53B005FBE97 /* Base */,
			);
			name = Main.storyboard;
			sourceTree = "<group>";
		};
		A2088A872279D53D005FBE97 /* LaunchScreen.storyboard */ = {
			isa = PBXVariantGroup;
			children = (
				A2088A882279D53D005FBE97 /* Base */,
			);
			name = LaunchScreen.storyboard;
			sourceTree = "<group>";
		};
/* End PBXVariantGroup section */

/* Begin XCBuildConfiguration section */
		A2088A8B2279D53D005FBE97 /* Debug */ = {
			isa = XCBuildConfiguration;
			buildSettings = {
				ALWAYS_SEARCH_USER_PATHS = NO;
				CLANG_ANALYZER_NONNULL = YES;
				CLANG_ANALYZER_NUMBER_OBJECT_CONVERSION = YES_AGGRESSIVE;
				CLANG_CXX_LANGUAGE_STANDARD = "gnu++14";
				CLANG_CXX_LIBRARY = "libc++";
				CLANG_ENABLE_MODULES = YES;
				CLANG_ENABLE_OBJC_ARC = YES;
				CLANG_ENABLE_OBJC_WEAK = YES;
				CLANG_WARN_BLOCK_CAPTURE_AUTORELEASING = YES;
				CLANG_WARN_BOOL_CONVERSION = YES;
				CLANG_WARN_COMMA = YES;
				CLANG_WARN_CONSTANT_CONVERSION = YES;
				CLANG_WARN_DEPRECATED_OBJC_IMPLEMENTATIONS = YES;
				CLANG_WARN_DIRECT_OBJC_ISA_USAGE = YES_ERROR;
				CLANG_WARN_DOCUMENTATION_COMMENTS = YES;
				CLANG_WARN_EMPTY_BODY = YES;
				CLANG_WARN_ENUM_CONVERSION = YES;
				CLANG_WARN_INFINITE_RECURSION = YES;
				CLANG_WARN_INT_CONVERSION = YES;
				CLANG_WARN_NON_LITERAL_NULL_CONVERSION = YES;
				CLANG_WARN_OBJC_IMPLICIT_RETAIN_SELF = YES;
				CLANG_WARN_OBJC_LITERAL_CONVERSION = YES;
				CLANG_WARN_OBJC_ROOT_CLASS = YES_ERROR;
				CLANG_WARN_RANGE_LOOP_ANALYSIS = YES;
				CLANG_WARN_STRICT_PROTOTYPES = YES;
				CLANG_WARN_SUSPICIOUS_MOVE = YES;
				CLANG_WARN_UNGUARDED_AVAILABILITY = YES_AGGRESSIVE;
				CLANG_WARN_UNREACHABLE_CODE = YES;
				CLANG_WARN__DUPLICATE_METHOD_MATCH = YES;
				CODE_SIGN_IDENTITY = "iPhone Developer";
				COPY_PHASE_STRIP = NO;
				DEBUG_INFORMATION_FORMAT = dwarf;
				ENABLE_STRICT_OBJC_MSGSEND = YES;
				ENABLE_TESTABILITY = YES;
				GCC_C_LANGUAGE_STANDARD = gnu11;
				GCC_DYNAMIC_NO_PIC = NO;
				GCC_NO_COMMON_BLOCKS = YES;
				GCC_OPTIMIZATION_LEVEL = 0;
				GCC_PREPROCESSOR_DEFINITIONS = (
					"DEBUG=1",
					"$(inherited)",
				);
				GCC_WARN_64_TO_32_BIT_CONVERSION = YES;
				GCC_WARN_ABOUT_RETURN_TYPE = YES_ERROR;
				GCC_WARN_UNDECLARED_SELECTOR = YES;
				GCC_WARN_UNINITIALIZED_AUTOS = YES_AGGRESSIVE;
				GCC_WARN_UNUSED_FUNCTION = YES;
				GCC_WARN_UNUSED_VARIABLE = YES;
				IPHONEOS_DEPLOYMENT_TARGET = 12.2;
				MTL_ENABLE_DEBUG_INFO = INCLUDE_SOURCE;
				MTL_FAST_MATH = YES;
				ONLY_ACTIVE_ARCH = YES;
				SDKROOT = iphoneos;
				SWIFT_ACTIVE_COMPILATION_CONDITIONS = DEBUG;
				SWIFT_OPTIMIZATION_LEVEL = "-Onone";
			};
			name = Debug;
		};
		A2088A8C2279D53D005FBE97 /* Release */ = {
			isa = XCBuildConfiguration;
			buildSettings = {
				ALWAYS_SEARCH_USER_PATHS = NO;
				CLANG_ANALYZER_NONNULL = YES;
				CLANG_ANALYZER_NUMBER_OBJECT_CONVERSION = YES_AGGRESSIVE;
				CLANG_CXX_LANGUAGE_STANDARD = "gnu++14";
				CLANG_CXX_LIBRARY = "libc++";
				CLANG_ENABLE_MODULES = YES;
				CLANG_ENABLE_OBJC_ARC = YES;
				CLANG_ENABLE_OBJC_WEAK = YES;
				CLANG_WARN_BLOCK_CAPTURE_AUTORELEASING = YES;
				CLANG_WARN_BOOL_CONVERSION = YES;
				CLANG_WARN_COMMA = YES;
				CLANG_WARN_CONSTANT_CONVERSION = YES;
				CLANG_WARN_DEPRECATED_OBJC_IMPLEMENTATIONS = YES;
				CLANG_WARN_DIRECT_OBJC_ISA_USAGE = YES_ERROR;
				CLANG_WARN_DOCUMENTATION_COMMENTS = YES;
				CLANG_WARN_EMPTY_BODY = YES;
				CLANG_WARN_ENUM_CONVERSION = YES;
				CLANG_WARN_INFINITE_RECURSION = YES;
				CLANG_WARN_INT_CONVERSION = YES;
				CLANG_WARN_NON_LITERAL_NULL_CONVERSION = YES;
				CLANG_WARN_OBJC_IMPLICIT_RETAIN_SELF = YES;
				CLANG_WARN_OBJC_LITERAL_CONVERSION = YES;
				CLANG_WARN_OBJC_ROOT_CLASS = YES_ERROR;
				CLANG_WARN_RANGE_LOOP_ANALYSIS = YES;
				CLANG_WARN_STRICT_PROTOTYPES = YES;
				CLANG_WARN_SUSPICIOUS_MOVE = YES;
				CLANG_WARN_UNGUARDED_AVAILABILITY = YES_AGGRESSIVE;
				CLANG_WARN_UNREACHABLE_CODE = YES;
				CLANG_WARN__DUPLICATE_METHOD_MATCH = YES;
				CODE_SIGN_IDENTITY = "iPhone Developer";
				COPY_PHASE_STRIP = NO;
				DEBUG_INFORMATION_FORMAT = "dwarf-with-dsym";
				ENABLE_NS_ASSERTIONS = NO;
				ENABLE_STRICT_OBJC_MSGSEND = YES;
				GCC_C_LANGUAGE_STANDARD = gnu11;
				GCC_NO_COMMON_BLOCKS = YES;
				GCC_WARN_64_TO_32_BIT_CONVERSION = YES;
				GCC_WARN_ABOUT_RETURN_TYPE = YES_ERROR;
				GCC_WARN_UNDECLARED_SELECTOR = YES;
				GCC_WARN_UNINITIALIZED_AUTOS = YES_AGGRESSIVE;
				GCC_WARN_UNUSED_FUNCTION = YES;
				GCC_WARN_UNUSED_VARIABLE = YES;
				IPHONEOS_DEPLOYMENT_TARGET = 12.2;
				MTL_ENABLE_DEBUG_INFO = NO;
				MTL_FAST_MATH = YES;
				SDKROOT = iphoneos;
				SWIFT_COMPILATION_MODE = wholemodule;
				SWIFT_OPTIMIZATION_LEVEL = "-O";
				VALIDATE_PRODUCT = YES;
			};
			name = Release;
		};
		A2088A8E2279D53D005FBE97 /* Debug */ = {
			isa = XCBuildConfiguration;
			buildSettings = {
				ASSETCATALOG_COMPILER_APPICON_NAME = AppIcon;
				CODE_SIGN_STYLE = Automatic;
				DEVELOPMENT_TEAM = 7987W92JF6;
				INFOPLIST_FILE = "Tic tac toe/Info.plist";
				LD_RUNPATH_SEARCH_PATHS = (
					"$(inherited)",
					"@executable_path/Frameworks",
				);
				PRODUCT_BUNDLE_IDENTIFIER = "com.pruijs.Tic-tac-toe";
				PRODUCT_NAME = "$(TARGET_NAME)";
				SWIFT_VERSION = 5.0;
				TARGETED_DEVICE_FAMILY = "1,2";
			};
			name = Debug;
		};
		A2088A8F2279D53D005FBE97 /* Release */ = {
			isa = XCBuildConfiguration;
			buildSettings = {
				ASSETCATALOG_COMPILER_APPICON_NAME = AppIcon;
				CODE_SIGN_STYLE = Automatic;
				DEVELOPMENT_TEAM = 7987W92JF6;
				INFOPLIST_FILE = "Tic tac toe/Info.plist";
				LD_RUNPATH_SEARCH_PATHS = (
					"$(inherited)",
					"@executable_path/Frameworks",
				);
				PRODUCT_BUNDLE_IDENTIFIER = "com.pruijs.Tic-tac-toe";
				PRODUCT_NAME = "$(TARGET_NAME)";
				SWIFT_VERSION = 5.0;
				TARGETED_DEVICE_FAMILY = "1,2";
			};
			name = Release;
		};
/* End XCBuildConfiguration section */

/* Begin XCConfigurationList section */
		A2088A762279D53B005FBE97 /* Build configuration list for PBXProject "Tic tac toe" */ = {
			isa = XCConfigurationList;
			buildConfigurations = (
				A2088A8B2279D53D005FBE97 /* Debug */,
				A2088A8C2279D53D005FBE97 /* Release */,
			);
			defaultConfigurationIsVisible = 0;
			defaultConfigurationName = Release;
		};
		A2088A8D2279D53D005FBE97 /* Build configuration list for PBXNativeTarget "Tic tac toe" */ = {
			isa = XCConfigurationList;
			buildConfigurations = (
				A2088A8E2279D53D005FBE97 /* Debug */,
				A2088A8F2279D53D005FBE97 /* Release */,
			);
			defaultConfigurationIsVisible = 0;
			defaultConfigurationName = Release;
		};
/* End XCConfigurationList section */
	};
	rootObject = A2088A732279D53B005FBE97 /* Project object */;
}
